# THIS IS AN AUTOGENERATED FILE. DO NOT EDIT THIS FILE DIRECTLY.
# yarn lockfile v1


js-base64@^2.5.1:
  version "2.5.1"
  resolved "https://registry.yarnpkg.com/js-base64/-/js-base64-2.5.1.tgz#1efa39ef2c5f7980bb1784ade4a8af2de3291121"
  integrity sha512-M7kLczedRMYX4L8Mdh4MzyAMM9O5osx+4FcOQuTvr3A9F2D9S5JXheN0ewNbrvK2UatkTRhL5ejGmGSjNMiZuw==
